// !$*UTF8*$!
{
	archiveVersion = 1;
	classes = {
	};
	objectVersion = 46;
	objects = {

/* Begin PBXBuildFile section */
		18B503AA1F3AAC5F003FC0CF /* main.m in Sources */ = {isa = PBXBuildFile; fileRef = 18B503A91F3AAC5F003FC0CF /* main.m */; };
		18B503AD1F3AAC5F003FC0CF /* AppDelegate.m in Sources */ = {isa = PBXBuildFile; fileRef = 18B503AC1F3AAC5F003FC0CF /* AppDelegate.m */; };
		18B503B01F3AAC5F003FC0CF /* ViewController.m in Sources */ = {isa = PBXBuildFile; fileRef = 18B503AF1F3AAC5F003FC0CF /* ViewController.m */; };
		18B503B31F3AAC5F003FC0CF /* Main.storyboard in Resources */ = {isa = PBXBuildFile; fileRef = 18B503B11F3AAC5F003FC0CF /* Main.storyboard */; };
		18B503B61F3AAC5F003FC0CF /* ios_091601.xcdatamodeld in Sources */ = {isa = PBXBuildFile; fileRef = 18B503B41F3AAC5F003FC0CF /* ios_091601.xcdatamodeld */; };
		18B503B81F3AAC5F003FC0CF /* Assets.xcassets in Resources */ = {isa = PBXBuildFile; fileRef = 18B503B71F3AAC5F003FC0CF /* Assets.xcassets */; };
		18B503BB1F3AAC5F003FC0CF /* LaunchScreen.storyboard in Resources */ = {isa = PBXBuildFile; fileRef = 18B503B91F3AAC5F003FC0CF /* LaunchScreen.storyboard */; };
		18B503C31F3AB012003FC0CF /* a_li.png in Resources */ = {isa = PBXBuildFile; fileRef = 18B503C21F3AB012003FC0CF /* a_li.png */; };
/* End PBXBuildFile section */

/* Begin PBXFileReference section */
		18B503A51F3AAC5F003FC0CF /* ios_091601.app */ = {isa = PBXFileReference; explicitFileType = wrapper.application; includeInIndex = 0; path = ios_091601.app; sourceTree = BUILT_PRODUCTS_DIR; };
		18B503A91F3AAC5F003FC0CF /* main.m */ = {isa = PBXFileReference; lastKnownFileType = sourcecode.c.objc; path = main.m; sourceTree = "<group>"; };
		18B503AB1F3AAC5F003FC0CF /* AppDelegate.h */ = {isa = PBXFileReference; lastKnownFileType = sourcecode.c.h; path = AppDelegate.h; sourceTree = "<group>"; };
		18B503AC1F3AAC5F003FC0CF /* AppDelegate.m */ = {isa = PBXFileReference; lastKnownFileType = sourcecode.c.objc; path = AppDelegate.m; sourceTree = "<group>"; };
		18B503AE1F3AAC5F003FC0CF /* ViewController.h */ = {isa = PBXFileReference; lastKnownFileType = sourcecode.c.h; path = ViewController.h; sourceTree = "<group>"; };
		18B503AF1F3AAC5F003FC0CF /* ViewController.m */ = {isa = PBXFileReference; lastKnownFileType = sourcecode.c.objc; path = ViewController.m; sourceTree = "<group>"; };
		18B503B21F3AAC5F003FC0CF /* Base */ = {isa = PBXFileReference; lastKnownFileType = file.storyboard; name = Base; path = Base.lproj/Main.storyboard; sourceTree = "<group>"; };
		18B503B51F3AAC5F003FC0CF /* ios_091601.xcdatamodel */ = {isa = PBXFileReference; lastKnownFileType = wrapper.xcdatamodel; path = ios_091601.xcdatamodel; sourceTree = "<group>"; };
		18B503B71F3AAC5F003FC0CF /* Assets.xcassets */ = {isa = PBXFileReference; lastKnownFileType = folder.assetcatalog; path = Assets.xcassets; sourceTree = "<group>"; };
		18B503BA1F3AAC5F003FC0CF /* Base */ = {isa = PBXFileReference; lastKnownFileType = file.storyboard; name = Base; path = Base.lproj/LaunchScreen.storyboard; sourceTree = "<group>"; };
		18B503BC1F3AAC5F003FC0CF /* Info.plist */ = {isa = PBXFileReference; lastKnownFileType = text.plist.xml; path = Info.plist; sourceTree = "<group>"; };
		18B503C21F3AB012003FC0CF /* a_li.png */ = {isa = PBXFileReference; lastKnownFileType = image.png; path = a_li.png; sourceTree = "<group>"; };
/* End PBXFileReference section */

/* Begin PBXFrameworksBuildPhase section */
		18B503A21F3AAC5F003FC0CF /* Frameworks */ = {
			isa = PBXFrameworksBuildPhase;
			buildActionMask = 2147483647;
			files = (
			);
			runOnlyForDeploymentPostprocessing = 0;
		};
/* End PBXFrameworksBuildPhase section */

/* Begin PBXGroup section */
		18B5039C1F3AAC5F003FC0CF = {
			isa = PBXGroup;
			children = (
				18B503A71F3AAC5F003FC0CF /* ios_091601 */,
				18B503A61F3AAC5F003FC0CF /* Products */,
			);
			sourceTree = "<group>";
		};
		18B503A61F3AAC5F003FC0CF /* Products */ = {
			isa = PBXGroup;
			children = (
				18B503A51F3AAC5F003FC0CF /* ios_091601.app */,
			);
			name = Products;
			sourceTree = "<group>";
		};
		18B503A71F3AAC5F003FC0CF /* ios_091601 */ = {
			isa = PBXGroup;
			children = (
				18B503AB1F3AAC5F003FC0CF /* AppDelegate.h */,
				18B503AC1F3AAC5F003FC0CF /* AppDelegate.m */,
				18B503AE1F3AAC5F003FC0CF /* ViewController.h */,
				18B503AF1F3AAC5F003FC0CF /* ViewController.m */,
				18B503B11F3AAC5F003FC0CF /* Main.storyboard */,
				18B503B71F3AAC5F003FC0CF /* Assets.xcassets */,
				18B503B91F3AAC5F003FC0CF /* LaunchScreen.storyboard */,
				18B503BC1F3AAC5F003FC0CF /* Info.plist */,
				18B503B41F3AAC5F003FC0CF /* ios_091601.xcdatamodeld */,
				18B503A81F3AAC5F003FC0CF /* Supporting Files */,
			);
			path = ios_091601;
			sourceTree = "<group>";
		};
		18B503A81F3AAC5F003FC0CF /* Supporting Files */ = {
			isa = PBXGroup;
			children = (
				18B503C21F3AB012003FC0CF /* a_li.png */,
				18B503A91F3AAC5F003FC0CF /* main.m */,
			);
			name = "Supporting Files";
			sourceTree = "<group>";
		};
/* End PBXGroup section */

/* Begin PBXNativeTarget section */
		18B503A41F3AAC5F003FC0CF /* ios_091601 */ = {
			isa = PBXNativeTarget;
			buildConfigurationList = 18B503BF1F3AAC5F003FC0CF /* Build configuration list for PBXNativeTarget "ios_091601" */;
			buildPhases = (
				18B503A11F3AAC5F003FC0CF /* Sources */,
				18B503A21F3AAC5F003FC0CF /* Frameworks */,
				18B503A31F3AAC5F003FC0CF /* Resources */,
			);
			buildRules = (
			);
			dependencies = (
			);
			name = ios_091601;
			productName = ios_091601;
			productReference = 18B503A51F3AAC5F003FC0CF /* ios_091601.app */;
			productType = "com.apple.product-type.application";
		};
/* End PBXNativeTarget section */

/* Begin PBXProject section */
		18B5039D1F3AAC5F003FC0CF /* Project object */ = {
			isa = PBXProject;
			attributes = {
				LastUpgradeCheck = 0830;
				ORGANIZATIONNAME = Apple;
				TargetAttributes = {
					18B503A41F3AAC5F003FC0CF = {
						CreatedOnToolsVersion = 8.3.3;
						ProvisioningStyle = Automatic;
					};
				};
			};
			buildConfigurationList = 18B503A01F3AAC5F003FC0CF /* Build configuration list for PBXProject "ios_091601" */;
			compatibilityVersion = "Xcode 3.2";
			developmentRegion = English;
			hasScannedForEncodings = 0;
			knownRegions = (
				English,
				en,
				Base,
			);
			mainGroup = 18B5039C1F3AAC5F003FC0CF;
			productRefGroup = 18B503A61F3AAC5F003FC0CF /* Products */;
			projectDirPath = "";
			projectRoot = "";
			targets = (
				18B503A41F3AAC5F003FC0CF /* ios_091601 */,
			);
		};
/* End PBXProject section */

/* Begin PBXResourcesBuildPhase section */
		18B503A31F3AAC5F003FC0CF /* Resources */ = {
			isa = PBXResourcesBuildPhase;
			buildActionMask = 2147483647;
			files = (
				18B503BB1F3AAC5F003FC0CF /* LaunchScreen.storyboard in Resources */,
				18B503C31F3AB012003FC0CF /* a_li.png in Resources */,
				18B503B81F3AAC5F003FC0CF /* Assets.xcassets in Resources */,
				18B503B31F3AAC5F003FC0CF /* Main.storyboard in Resources */,
			);
			runOnlyForDeploymentPostprocessing = 0;
		};
/* End PBXResourcesBuildPhase section */

/* Begin PBXSourcesBuildPhase section */
		18B503A11F3AAC5F003FC0CF /* Sources */ = {
			isa = PBXSourcesBuildPhase;
			buildActionMask = 2147483647;
			files = (
				18B503B01F3AAC5F003FC0CF /* ViewController.m in Sources */,
				18B503AD1F3AAC5F003FC0CF /* AppDelegate.m in Sources */,
				18B503B61F3AAC5F003FC0CF /* ios_091601.xcdatamodeld in Sources */,
				18B503AA1F3AAC5F003FC0CF /* main.m in Sources */,
			);
			runOnlyForDeploymentPostprocessing = 0;
		};
/* End PBXSourcesBuildPhase section */

/* Begin PBXVariantGroup section */
		18B503B11F3AAC5F003FC0CF /* Main.storyboard */ = {
			isa = PBXVariantGroup;
			children = (
				18B503B21F3AAC5F003FC0CF /* Base */,
			);
			name = Main.storyboard;
			sourceTree = "<group>";
		};
		18B503B91F3AAC5F003FC0CF /* LaunchScreen.storyboard */ = {
			isa = PBXVariantGroup;
			children = (
				18B503BA1F3AAC5F003FC0CF /* Base */,
			);
			name = LaunchScreen.storyboard;
			sourceTree = "<group>";
		};
/* End PBXVariantGroup section */

/* Begin XCBuildConfiguration section */
		18B503BD1F3AAC5F003FC0CF /* Debug */ = {
			isa = XCBuildConfiguration;
			buildSettings = {
				ALWAYS_SEARCH_USER_PATHS = NO;
				CLANG_ANALYZER_NONNULL = YES;
				CLANG_ANALYZER_NUMBER_OBJECT_CONVERSION = YES_AGGRESSIVE;
				CLANG_CXX_LANGUAGE_STANDARD = "gnu++0x";
				CLANG_CXX_LIBRARY = "libc++";
				CLANG_ENABLE_MODULES = YES;
				CLANG_ENABLE_OBJC_ARC = YES;
				CLANG_WARN_BOOL_CONVERSION = YES;
				CLANG_WARN_CONSTANT_CONVERSION = YES;
				CLANG_WARN_DIRECT_OBJC_ISA_USAGE = YES_ERROR;
				CLANG_WARN_DOCUMENTATION_COMMENTS = YES;
				CLANG_WARN_EMPTY_BODY = YES;
				CLANG_WARN_ENUM_CONVERSION = YES;
				CLANG_WARN_INFINITE_RECURSION = YES;
				CLANG_WARN_INT_CONVERSION = YES;
				CLANG_WARN_OBJC_ROOT_CLASS = YES_ERROR;
				CLANG_WARN_SUSPICIOUS_MOVE = YES;
				CLANG_WARN_UNREACHABLE_CODE = YES;
				CLANG_WARN__DUPLICATE_METHOD_MATCH = YES;
				"CODE_SIGN_IDENTITY[sdk=iphoneos*]" = "iPhone Developer";
				COPY_PHASE_STRIP = NO;
				DEBUG_INFORMATION_FORMAT = dwarf;
				ENABLE_STRICT_OBJC_MSGSEND = YES;
				ENABLE_TESTABILITY = YES;
				GCC_C_LANGUAGE_STANDARD = gnu99;
				GCC_DYNAMIC_NO_PIC = NO;
				GCC_NO_COMMON_BLOCKS = YES;
				GCC_OPTIMIZATION_LEVEL = 0;
				GCC_PREFIX_HEADER = ../../../../PrefixHeader.pch;
				GCC_PREPROCESSOR_DEFINITIONS = (
					"DEBUG=1",
					"$(inherited)",
				);
				GCC_WARN_64_TO_32_BIT_CONVERSION = YES;
				GCC_WARN_ABOUT_RETURN_TYPE = YES_ERROR;
				GCC_WARN_UNDECLARED_SELECTOR = YES;
				GCC_WARN_UNINITIALIZED_AUTOS = YES_AGGRESSIVE;
				GCC_WARN_UNUSED_FUNCTION = YES;
				GCC_WARN_UNUSED_VARIABLE = YES;
				IPHONEOS_DEPLOYMENT_TARGET = 10.3;
				MTL_ENABLE_DEBUG_INFO = YES;
				ONLY_ACTIVE_ARCH = YES;
				SDKROOT = iphoneos;
			};
			name = Debug;
		};
		18B503BE1F3AAC5F003FC0CF /* Release */ = {
			isa = XCBuildConfiguration;
			buildSettings = {
				ALWAYS_SEARCH_USER_PATHS = NO;
				CLANG_ANALYZER_NONNULL = YES;
				CLANG_ANALYZER_NUMBER_OBJECT_CONVERSION = YES_AGGRESSIVE;
				CLANG_CXX_LANGUAGE_STANDARD = "gnu++0x";
				CLANG_CXX_LIBRARY = "libc++";
				CLANG_ENABLE_MODULES = YES;
				CLANG_ENABLE_OBJC_ARC = YES;
				CLANG_WARN_BOOL_CONVERSION = YES;
				CLANG_WARN_CONSTANT_CONVERSION = YES;
				CLANG_WARN_DIRECT_OBJC_ISA_USAGE = YES_ERROR;
				CLANG_WARN_DOCUMENTATION_COMMENTS = YES;
				CLANG_WARN_EMPTY_BODY = YES;
				CLANG_WARN_ENUM_CONVERSION = YES;
				CLANG_WARN_INFINITE_RECURSION = YES;
				CLANG_WARN_INT_CONVERSION = YES;
				CLANG_WARN_OBJC_ROOT_CLASS = YES_ERROR;
				CLANG_WARN_SUSPICIOUS_MOVE = YES;
				CLANG_WARN_UNREACHABLE_CODE = YES;
				CLANG_WARN__DUPLICATE_METHOD_MATCH = YES;
				"CODE_SIGN_IDENTITY[sdk=iphoneos*]" = "iPhone Developer";
				COPY_PHASE_STRIP = NO;
				DEBUG_INFORMATION_FORMAT = "dwarf-with-dsym";
				ENABLE_NS_ASSERTIONS = NO;
				ENABLE_STRICT_OBJC_MSGSEND = YES;
				GCC_C_LANGUAGE_STANDARD = gnu99;
				GCC_NO_COMMON_BLOCKS = YES;
				GCC_PREFIX_HEADER = ../../../../PrefixHeader.pch;
				GCC_WARN_64_TO_32_BIT_CONVERSION = YES;
				GCC_WARN_ABOUT_RETURN_TYPE = YES_ERROR;
				GCC_WARN_UNDECLARED_SELECTOR = YES;
				GCC_WARN_UNINITIALIZED_AUTOS = YES_AGGRESSIVE;
				GCC_WARN_UNUSED_FUNCTION = YES;
				GCC_WARN_UNUSED_VARIABLE = YES;
				IPHONEOS_DEPLOYMENT_TARGET = 10.3;
				MTL_ENABLE_DEBUG_INFO = NO;
				SDKROOT = iphoneos;
				VALIDATE_PRODUCT = YES;
			};
			name = Release;
		};
		18B503C01F3AAC5F003FC0CF /* Debug */ = {
			isa = XCBuildConfiguration;
			buildSettings = {
				ASSETCATALOG_COMPILER_APPICON_NAME = AppIcon;
				INFOPLIST_FILE = ios_091601/Info.plist;
				LD_RUNPATH_SEARCH_PATHS = "$(inherited) @executable_path/Frameworks";
				PRODUCT_BUNDLE_IDENTIFIER = "mac.ios-091601";
				PRODUCT_NAME = "$(TARGET_NAME)";
			};
			name = Debug;
		};
		18B503C11F3AAC5F003FC0CF /* Release */ = {
			isa = XCBuildConfiguration;
			buildSettings = {
				ASSETCATALOG_COMPILER_APPICON_NAME = AppIcon;
				INFOPLIST_FILE = ios_091601/Info.plist;
				LD_RUNPATH_SEARCH_PATHS = "$(inherited) @executable_path/Frameworks";
				PRODUCT_BUNDLE_IDENTIFIER = "mac.ios-091601";
				PRODUCT_NAME = "$(TARGET_NAME)";
			};
			name = Release;
		};
/* End XCBuildConfiguration section */

/* Begin XCConfigurationList section */
		18B503A01F3AAC5F003FC0CF /* Build configuration list for PBXProject "ios_091601" */ = {
			isa = XCConfigurationList;
			buildConfigurations = (
				18B503BD1F3AAC5F003FC0CF /* Debug */,
				18B503BE1F3AAC5F003FC0CF /* Release */,
			);
			defaultConfigurationIsVisible = 0;
			defaultConfigurationName = Release;
		};
		18B503BF1F3AAC5F003FC0CF /* Build configuration list for PBXNativeTarget "ios_091601" */ = {
			isa = XCConfigurationList;
			buildConfigurations = (
				18B503C01F3AAC5F003FC0CF /* Debug */,
				18B503C11F3AAC5F003FC0CF /* Release */,
			);
			defaultConfigurationIsVisible = 0;
			defaultConfigurationName = Release;
		};
/* End XCConfigurationList section */

/* Begin XCVersionGroup section */
		18B503B41F3AAC5F003FC0CF /* ios_091601.xcdatamodeld */ = {
			isa = XCVersionGroup;
			children = (
				18B503B51F3AAC5F003FC0CF /* ios_091601.xcdatamodel */,
			);
			currentVersion = 18B503B51F3AAC5F003FC0CF /* ios_091601.xcdatamodel */;
			path = ios_091601.xcdatamodeld;
			sourceTree = "<group>";
			versionGroupType = wrapper.xcdatamodel;
		};
/* End XCVersionGroup section */
	};
	rootObject = 18B5039D1F3AAC5F003FC0CF /* Project object */;
}
