// !$*UTF8*$!
{
	archiveVersion = 1;
	classes = {
	};
	objectVersion = 46;
	objects = {

/* Begin PBXBuildFile section */
		18C46E151F35BD380013050A /* main.m in Sources */ = {isa = PBXBuildFile; fileRef = 18C46E141F35BD380013050A /* main.m */; };
		18C46E181F35BD380013050A /* AppDelegate.m in Sources */ = {isa = PBXBuildFile; fileRef = 18C46E171F35BD380013050A /* AppDelegate.m */; };
		18C46E1B1F35BD380013050A /* ViewController.m in Sources */ = {isa = PBXBuildFile; fileRef = 18C46E1A1F35BD380013050A /* ViewController.m */; };
		18C46E1E1F35BD380013050A /* Main.storyboard in Resources */ = {isa = PBXBuildFile; fileRef = 18C46E1C1F35BD380013050A /* Main.storyboard */; };
		18C46E211F35BD380013050A /* ios_07.xcdatamodeld in Sources */ = {isa = PBXBuildFile; fileRef = 18C46E1F1F35BD380013050A /* ios_07.xcdatamodeld */; };
		18C46E231F35BD380013050A /* Assets.xcassets in Resources */ = {isa = PBXBuildFile; fileRef = 18C46E221F35BD380013050A /* Assets.xcassets */; };
		18C46E261F35BD380013050A /* LaunchScreen.storyboard in Resources */ = {isa = PBXBuildFile; fileRef = 18C46E241F35BD380013050A /* LaunchScreen.storyboard */; };
		18C46E301F35BE3D0013050A /* WhiteView.m in Sources */ = {isa = PBXBuildFile; fileRef = 18C46E2F1F35BE3D0013050A /* WhiteView.m */; };
		18C46E331F35BE860013050A /* BaseView.m in Sources */ = {isa = PBXBuildFile; fileRef = 18C46E321F35BE860013050A /* BaseView.m */; };
		18C46E361F35BED80013050A /* GreenView.m in Sources */ = {isa = PBXBuildFile; fileRef = 18C46E351F35BED80013050A /* GreenView.m */; };
		18C46E391F35BEED0013050A /* OrangeView.m in Sources */ = {isa = PBXBuildFile; fileRef = 18C46E381F35BEED0013050A /* OrangeView.m */; };
		18C46E3C1F35BEFF0013050A /* BlueView.m in Sources */ = {isa = PBXBuildFile; fileRef = 18C46E3B1F35BEFF0013050A /* BlueView.m */; };
		18C46E3F1F35BF3E0013050A /* RedView.m in Sources */ = {isa = PBXBuildFile; fileRef = 18C46E3E1F35BF3E0013050A /* RedView.m */; };
		18C46E421F35BF4C0013050A /* YellowView.m in Sources */ = {isa = PBXBuildFile; fileRef = 18C46E411F35BF4C0013050A /* YellowView.m */; };
		18C46E451F35C5880013050A /* KeyWindow.m in Sources */ = {isa = PBXBuildFile; fileRef = 18C46E441F35C5880013050A /* KeyWindow.m */; };
/* End PBXBuildFile section */

/* Begin PBXFileReference section */
		18C46E101F35BD380013050A /* ios_07.app */ = {isa = PBXFileReference; explicitFileType = wrapper.application; includeInIndex = 0; path = ios_07.app; sourceTree = BUILT_PRODUCTS_DIR; };
		18C46E141F35BD380013050A /* main.m */ = {isa = PBXFileReference; lastKnownFileType = sourcecode.c.objc; path = main.m; sourceTree = "<group>"; };
		18C46E161F35BD380013050A /* AppDelegate.h */ = {isa = PBXFileReference; lastKnownFileType = sourcecode.c.h; path = AppDelegate.h; sourceTree = "<group>"; };
		18C46E171F35BD380013050A /* AppDelegate.m */ = {isa = PBXFileReference; lastKnownFileType = sourcecode.c.objc; path = AppDelegate.m; sourceTree = "<group>"; };
		18C46E191F35BD380013050A /* ViewController.h */ = {isa = PBXFileReference; lastKnownFileType = sourcecode.c.h; path = ViewController.h; sourceTree = "<group>"; };
		18C46E1A1F35BD380013050A /* ViewController.m */ = {isa = PBXFileReference; lastKnownFileType = sourcecode.c.objc; path = ViewController.m; sourceTree = "<group>"; };
		18C46E1D1F35BD380013050A /* Base */ = {isa = PBXFileReference; lastKnownFileType = file.storyboard; name = Base; path = Base.lproj/Main.storyboard; sourceTree = "<group>"; };
		18C46E201F35BD380013050A /* ios_07.xcdatamodel */ = {isa = PBXFileReference; lastKnownFileType = wrapper.xcdatamodel; path = ios_07.xcdatamodel; sourceTree = "<group>"; };
		18C46E221F35BD380013050A /* Assets.xcassets */ = {isa = PBXFileReference; lastKnownFileType = folder.assetcatalog; path = Assets.xcassets; sourceTree = "<group>"; };
		18C46E251F35BD380013050A /* Base */ = {isa = PBXFileReference; lastKnownFileType = file.storyboard; name = Base; path = Base.lproj/LaunchScreen.storyboard; sourceTree = "<group>"; };
		18C46E271F35BD380013050A /* Info.plist */ = {isa = PBXFileReference; lastKnownFileType = text.plist.xml; path = Info.plist; sourceTree = "<group>"; };
		18C46E2E1F35BE3D0013050A /* WhiteView.h */ = {isa = PBXFileReference; fileEncoding = 4; lastKnownFileType = sourcecode.c.h; path = WhiteView.h; sourceTree = "<group>"; };
		18C46E2F1F35BE3D0013050A /* WhiteView.m */ = {isa = PBXFileReference; fileEncoding = 4; lastKnownFileType = sourcecode.c.objc; path = WhiteView.m; sourceTree = "<group>"; };
		18C46E311F35BE860013050A /* BaseView.h */ = {isa = PBXFileReference; fileEncoding = 4; lastKnownFileType = sourcecode.c.h; path = BaseView.h; sourceTree = "<group>"; };
		18C46E321F35BE860013050A /* BaseView.m */ = {isa = PBXFileReference; fileEncoding = 4; lastKnownFileType = sourcecode.c.objc; path = BaseView.m; sourceTree = "<group>"; };
		18C46E341F35BED80013050A /* GreenView.h */ = {isa = PBXFileReference; fileEncoding = 4; lastKnownFileType = sourcecode.c.h; path = GreenView.h; sourceTree = "<group>"; };
		18C46E351F35BED80013050A /* GreenView.m */ = {isa = PBXFileReference; fileEncoding = 4; lastKnownFileType = sourcecode.c.objc; path = GreenView.m; sourceTree = "<group>"; };
		18C46E371F35BEED0013050A /* OrangeView.h */ = {isa = PBXFileReference; fileEncoding = 4; lastKnownFileType = sourcecode.c.h; path = OrangeView.h; sourceTree = "<group>"; };
		18C46E381F35BEED0013050A /* OrangeView.m */ = {isa = PBXFileReference; fileEncoding = 4; lastKnownFileType = sourcecode.c.objc; path = OrangeView.m; sourceTree = "<group>"; };
		18C46E3A1F35BEFF0013050A /* BlueView.h */ = {isa = PBXFileReference; fileEncoding = 4; lastKnownFileType = sourcecode.c.h; path = BlueView.h; sourceTree = "<group>"; };
		18C46E3B1F35BEFF0013050A /* BlueView.m */ = {isa = PBXFileReference; fileEncoding = 4; lastKnownFileType = sourcecode.c.objc; path = BlueView.m; sourceTree = "<group>"; };
		18C46E3D1F35BF3E0013050A /* RedView.h */ = {isa = PBXFileReference; fileEncoding = 4; lastKnownFileType = sourcecode.c.h; path = RedView.h; sourceTree = "<group>"; };
		18C46E3E1F35BF3E0013050A /* RedView.m */ = {isa = PBXFileReference; fileEncoding = 4; lastKnownFileType = sourcecode.c.objc; path = RedView.m; sourceTree = "<group>"; };
		18C46E401F35BF4C0013050A /* YellowView.h */ = {isa = PBXFileReference; fileEncoding = 4; lastKnownFileType = sourcecode.c.h; path = YellowView.h; sourceTree = "<group>"; };
		18C46E411F35BF4C0013050A /* YellowView.m */ = {isa = PBXFileReference; fileEncoding = 4; lastKnownFileType = sourcecode.c.objc; path = YellowView.m; sourceTree = "<group>"; };
		18C46E431F35C5880013050A /* KeyWindow.h */ = {isa = PBXFileReference; fileEncoding = 4; lastKnownFileType = sourcecode.c.h; path = KeyWindow.h; sourceTree = "<group>"; };
		18C46E441F35C5880013050A /* KeyWindow.m */ = {isa = PBXFileReference; fileEncoding = 4; lastKnownFileType = sourcecode.c.objc; path = KeyWindow.m; sourceTree = "<group>"; };
/* End PBXFileReference section */

/* Begin PBXFrameworksBuildPhase section */
		18C46E0D1F35BD380013050A /* Frameworks */ = {
			isa = PBXFrameworksBuildPhase;
			buildActionMask = 2147483647;
			files = (
			);
			runOnlyForDeploymentPostprocessing = 0;
		};
/* End PBXFrameworksBuildPhase section */

/* Begin PBXGroup section */
		18C46E071F35BD380013050A = {
			isa = PBXGroup;
			children = (
				18C46E121F35BD380013050A /* ios_07 */,
				18C46E111F35BD380013050A /* Products */,
			);
			sourceTree = "<group>";
		};
		18C46E111F35BD380013050A /* Products */ = {
			isa = PBXGroup;
			children = (
				18C46E101F35BD380013050A /* ios_07.app */,
			);
			name = Products;
			sourceTree = "<group>";
		};
		18C46E121F35BD380013050A /* ios_07 */ = {
			isa = PBXGroup;
			children = (
				18C46E161F35BD380013050A /* AppDelegate.h */,
				18C46E171F35BD380013050A /* AppDelegate.m */,
				18C46E191F35BD380013050A /* ViewController.h */,
				18C46E1A1F35BD380013050A /* ViewController.m */,
				18C46E1C1F35BD380013050A /* Main.storyboard */,
				18C46E221F35BD380013050A /* Assets.xcassets */,
				18C46E2D1F35BE290013050A /* View */,
				18C46E241F35BD380013050A /* LaunchScreen.storyboard */,
				18C46E271F35BD380013050A /* Info.plist */,
				18C46E1F1F35BD380013050A /* ios_07.xcdatamodeld */,
				18C46E131F35BD380013050A /* Supporting Files */,
			);
			path = ios_07;
			sourceTree = "<group>";
		};
		18C46E131F35BD380013050A /* Supporting Files */ = {
			isa = PBXGroup;
			children = (
				18C46E141F35BD380013050A /* main.m */,
			);
			name = "Supporting Files";
			sourceTree = "<group>";
		};
		18C46E2D1F35BE290013050A /* View */ = {
			isa = PBXGroup;
			children = (
				18C46E2E1F35BE3D0013050A /* WhiteView.h */,
				18C46E2F1F35BE3D0013050A /* WhiteView.m */,
				18C46E311F35BE860013050A /* BaseView.h */,
				18C46E321F35BE860013050A /* BaseView.m */,
				18C46E341F35BED80013050A /* GreenView.h */,
				18C46E351F35BED80013050A /* GreenView.m */,
				18C46E371F35BEED0013050A /* OrangeView.h */,
				18C46E381F35BEED0013050A /* OrangeView.m */,
				18C46E3A1F35BEFF0013050A /* BlueView.h */,
				18C46E3B1F35BEFF0013050A /* BlueView.m */,
				18C46E3D1F35BF3E0013050A /* RedView.h */,
				18C46E3E1F35BF3E0013050A /* RedView.m */,
				18C46E401F35BF4C0013050A /* YellowView.h */,
				18C46E411F35BF4C0013050A /* YellowView.m */,
				18C46E431F35C5880013050A /* KeyWindow.h */,
				18C46E441F35C5880013050A /* KeyWindow.m */,
			);
			path = View;
			sourceTree = "<group>";
		};
/* End PBXGroup section */

/* Begin PBXNativeTarget section */
		18C46E0F1F35BD380013050A /* ios_07 */ = {
			isa = PBXNativeTarget;
			buildConfigurationList = 18C46E2A1F35BD380013050A /* Build configuration list for PBXNativeTarget "ios_07" */;
			buildPhases = (
				18C46E0C1F35BD380013050A /* Sources */,
				18C46E0D1F35BD380013050A /* Frameworks */,
				18C46E0E1F35BD380013050A /* Resources */,
			);
			buildRules = (
			);
			dependencies = (
			);
			name = ios_07;
			productName = ios_07;
			productReference = 18C46E101F35BD380013050A /* ios_07.app */;
			productType = "com.apple.product-type.application";
		};
/* End PBXNativeTarget section */

/* Begin PBXProject section */
		18C46E081F35BD380013050A /* Project object */ = {
			isa = PBXProject;
			attributes = {
				LastUpgradeCheck = 0830;
				ORGANIZATIONNAME = Apple;
				TargetAttributes = {
					18C46E0F1F35BD380013050A = {
						CreatedOnToolsVersion = 8.3.3;
						ProvisioningStyle = Automatic;
					};
				};
			};
			buildConfigurationList = 18C46E0B1F35BD380013050A /* Build configuration list for PBXProject "ios_07" */;
			compatibilityVersion = "Xcode 3.2";
			developmentRegion = English;
			hasScannedForEncodings = 0;
			knownRegions = (
				en,
				Base,
			);
			mainGroup = 18C46E071F35BD380013050A;
			productRefGroup = 18C46E111F35BD380013050A /* Products */;
			projectDirPath = "";
			projectRoot = "";
			targets = (
				18C46E0F1F35BD380013050A /* ios_07 */,
			);
		};
/* End PBXProject section */

/* Begin PBXResourcesBuildPhase section */
		18C46E0E1F35BD380013050A /* Resources */ = {
			isa = PBXResourcesBuildPhase;
			buildActionMask = 2147483647;
			files = (
				18C46E261F35BD380013050A /* LaunchScreen.storyboard in Resources */,
				18C46E231F35BD380013050A /* Assets.xcassets in Resources */,
				18C46E1E1F35BD380013050A /* Main.storyboard in Resources */,
			);
			runOnlyForDeploymentPostprocessing = 0;
		};
/* End PBXResourcesBuildPhase section */

/* Begin PBXSourcesBuildPhase section */
		18C46E0C1F35BD380013050A /* Sources */ = {
			isa = PBXSourcesBuildPhase;
			buildActionMask = 2147483647;
			files = (
				18C46E301F35BE3D0013050A /* WhiteView.m in Sources */,
				18C46E211F35BD380013050A /* ios_07.xcdatamodeld in Sources */,
				18C46E3C1F35BEFF0013050A /* BlueView.m in Sources */,
				18C46E451F35C5880013050A /* KeyWindow.m in Sources */,
				18C46E1B1F35BD380013050A /* ViewController.m in Sources */,
				18C46E181F35BD380013050A /* AppDelegate.m in Sources */,
				18C46E421F35BF4C0013050A /* YellowView.m in Sources */,
				18C46E361F35BED80013050A /* GreenView.m in Sources */,
				18C46E151F35BD380013050A /* main.m in Sources */,
				18C46E391F35BEED0013050A /* OrangeView.m in Sources */,
				18C46E3F1F35BF3E0013050A /* RedView.m in Sources */,
				18C46E331F35BE860013050A /* BaseView.m in Sources */,
			);
			runOnlyForDeploymentPostprocessing = 0;
		};
/* End PBXSourcesBuildPhase section */

/* Begin PBXVariantGroup section */
		18C46E1C1F35BD380013050A /* Main.storyboard */ = {
			isa = PBXVariantGroup;
			children = (
				18C46E1D1F35BD380013050A /* Base */,
			);
			name = Main.storyboard;
			sourceTree = "<group>";
		};
		18C46E241F35BD380013050A /* LaunchScreen.storyboard */ = {
			isa = PBXVariantGroup;
			children = (
				18C46E251F35BD380013050A /* Base */,
			);
			name = LaunchScreen.storyboard;
			sourceTree = "<group>";
		};
/* End PBXVariantGroup section */

/* Begin XCBuildConfiguration section */
		18C46E281F35BD380013050A /* Debug */ = {
			isa = XCBuildConfiguration;
			buildSettings = {
				ALWAYS_SEARCH_USER_PATHS = NO;
				CLANG_ANALYZER_NONNULL = YES;
				CLANG_ANALYZER_NUMBER_OBJECT_CONVERSION = YES_AGGRESSIVE;
				CLANG_CXX_LANGUAGE_STANDARD = "gnu++0x";
				CLANG_CXX_LIBRARY = "libc++";
				CLANG_ENABLE_MODULES = YES;
				CLANG_ENABLE_OBJC_ARC = YES;
				CLANG_WARN_BOOL_CONVERSION = YES;
				CLANG_WARN_CONSTANT_CONVERSION = YES;
				CLANG_WARN_DIRECT_OBJC_ISA_USAGE = YES_ERROR;
				CLANG_WARN_DOCUMENTATION_COMMENTS = YES;
				CLANG_WARN_EMPTY_BODY = YES;
				CLANG_WARN_ENUM_CONVERSION = YES;
				CLANG_WARN_INFINITE_RECURSION = YES;
				CLANG_WARN_INT_CONVERSION = YES;
				CLANG_WARN_OBJC_ROOT_CLASS = YES_ERROR;
				CLANG_WARN_SUSPICIOUS_MOVE = YES;
				CLANG_WARN_UNREACHABLE_CODE = YES;
				CLANG_WARN__DUPLICATE_METHOD_MATCH = YES;
				"CODE_SIGN_IDENTITY[sdk=iphoneos*]" = "iPhone Developer";
				COPY_PHASE_STRIP = NO;
				DEBUG_INFORMATION_FORMAT = dwarf;
				ENABLE_STRICT_OBJC_MSGSEND = YES;
				ENABLE_TESTABILITY = YES;
				GCC_C_LANGUAGE_STANDARD = gnu99;
				GCC_DYNAMIC_NO_PIC = NO;
				GCC_NO_COMMON_BLOCKS = YES;
				GCC_OPTIMIZATION_LEVEL = 0;
				GCC_PREPROCESSOR_DEFINITIONS = (
					"DEBUG=1",
					"$(inherited)",
				);
				GCC_WARN_64_TO_32_BIT_CONVERSION = YES;
				GCC_WARN_ABOUT_RETURN_TYPE = YES_ERROR;
				GCC_WARN_UNDECLARED_SELECTOR = YES;
				GCC_WARN_UNINITIALIZED_AUTOS = YES_AGGRESSIVE;
				GCC_WARN_UNUSED_FUNCTION = YES;
				GCC_WARN_UNUSED_VARIABLE = YES;
				IPHONEOS_DEPLOYMENT_TARGET = 10.3;
				MTL_ENABLE_DEBUG_INFO = YES;
				ONLY_ACTIVE_ARCH = YES;
				SDKROOT = iphoneos;
			};
			name = Debug;
		};
		18C46E291F35BD380013050A /* Release */ = {
			isa = XCBuildConfiguration;
			buildSettings = {
				ALWAYS_SEARCH_USER_PATHS = NO;
				CLANG_ANALYZER_NONNULL = YES;
				CLANG_ANALYZER_NUMBER_OBJECT_CONVERSION = YES_AGGRESSIVE;
				CLANG_CXX_LANGUAGE_STANDARD = "gnu++0x";
				CLANG_CXX_LIBRARY = "libc++";
				CLANG_ENABLE_MODULES = YES;
				CLANG_ENABLE_OBJC_ARC = YES;
				CLANG_WARN_BOOL_CONVERSION = YES;
				CLANG_WARN_CONSTANT_CONVERSION = YES;
				CLANG_WARN_DIRECT_OBJC_ISA_USAGE = YES_ERROR;
				CLANG_WARN_DOCUMENTATION_COMMENTS = YES;
				CLANG_WARN_EMPTY_BODY = YES;
				CLANG_WARN_ENUM_CONVERSION = YES;
				CLANG_WARN_INFINITE_RECURSION = YES;
				CLANG_WARN_INT_CONVERSION = YES;
				CLANG_WARN_OBJC_ROOT_CLASS = YES_ERROR;
				CLANG_WARN_SUSPICIOUS_MOVE = YES;
				CLANG_WARN_UNREACHABLE_CODE = YES;
				CLANG_WARN__DUPLICATE_METHOD_MATCH = YES;
				"CODE_SIGN_IDENTITY[sdk=iphoneos*]" = "iPhone Developer";
				COPY_PHASE_STRIP = NO;
				DEBUG_INFORMATION_FORMAT = "dwarf-with-dsym";
				ENABLE_NS_ASSERTIONS = NO;
				ENABLE_STRICT_OBJC_MSGSEND = YES;
				GCC_C_LANGUAGE_STANDARD = gnu99;
				GCC_NO_COMMON_BLOCKS = YES;
				GCC_WARN_64_TO_32_BIT_CONVERSION = YES;
				GCC_WARN_ABOUT_RETURN_TYPE = YES_ERROR;
				GCC_WARN_UNDECLARED_SELECTOR = YES;
				GCC_WARN_UNINITIALIZED_AUTOS = YES_AGGRESSIVE;
				GCC_WARN_UNUSED_FUNCTION = YES;
				GCC_WARN_UNUSED_VARIABLE = YES;
				IPHONEOS_DEPLOYMENT_TARGET = 10.3;
				MTL_ENABLE_DEBUG_INFO = NO;
				SDKROOT = iphoneos;
				VALIDATE_PRODUCT = YES;
			};
			name = Release;
		};
		18C46E2B1F35BD380013050A /* Debug */ = {
			isa = XCBuildConfiguration;
			buildSettings = {
				ASSETCATALOG_COMPILER_APPICON_NAME = AppIcon;
				GCC_PREFIX_HEADER = ../../../../PrefixHeader.pch;
				INFOPLIST_FILE = ios_07/Info.plist;
				LD_RUNPATH_SEARCH_PATHS = "$(inherited) @executable_path/Frameworks";
				PRODUCT_BUNDLE_IDENTIFIER = "mac.ios-07";
				PRODUCT_NAME = "$(TARGET_NAME)";
			};
			name = Debug;
		};
		18C46E2C1F35BD380013050A /* Release */ = {
			isa = XCBuildConfiguration;
			buildSettings = {
				ASSETCATALOG_COMPILER_APPICON_NAME = AppIcon;
				GCC_PREFIX_HEADER = ../../../../PrefixHeader.pch;
				INFOPLIST_FILE = ios_07/Info.plist;
				LD_RUNPATH_SEARCH_PATHS = "$(inherited) @executable_path/Frameworks";
				PRODUCT_BUNDLE_IDENTIFIER = "mac.ios-07";
				PRODUCT_NAME = "$(TARGET_NAME)";
			};
			name = Release;
		};
/* End XCBuildConfiguration section */

/* Begin XCConfigurationList section */
		18C46E0B1F35BD380013050A /* Build configuration list for PBXProject "ios_07" */ = {
			isa = XCConfigurationList;
			buildConfigurations = (
				18C46E281F35BD380013050A /* Debug */,
				18C46E291F35BD380013050A /* Release */,
			);
			defaultConfigurationIsVisible = 0;
			defaultConfigurationName = Release;
		};
		18C46E2A1F35BD380013050A /* Build configuration list for PBXNativeTarget "ios_07" */ = {
			isa = XCConfigurationList;
			buildConfigurations = (
				18C46E2B1F35BD380013050A /* Debug */,
				18C46E2C1F35BD380013050A /* Release */,
			);
			defaultConfigurationIsVisible = 0;
			defaultConfigurationName = Release;
		};
/* End XCConfigurationList section */

/* Begin XCVersionGroup section */
		18C46E1F1F35BD380013050A /* ios_07.xcdatamodeld */ = {
			isa = XCVersionGroup;
			children = (
				18C46E201F35BD380013050A /* ios_07.xcdatamodel */,
			);
			currentVersion = 18C46E201F35BD380013050A /* ios_07.xcdatamodel */;
			path = ios_07.xcdatamodeld;
			sourceTree = "<group>";
			versionGroupType = wrapper.xcdatamodel;
		};
/* End XCVersionGroup section */
	};
	rootObject = 18C46E081F35BD380013050A /* Project object */;
}
