// !$*UTF8*$!
{
	archiveVersion = 1;
	classes = {
	};
	objectVersion = 46;
	objects = {

/* Begin PBXBuildFile section */
		18B38FBA1F30C66B00671771 /* lol.jpg in Resources */ = {isa = PBXBuildFile; fileRef = 18B38FB91F30C66B00671771 /* lol.jpg */; };
		18B38FBC1F30C67500671771 /* timo.jpg in Resources */ = {isa = PBXBuildFile; fileRef = 18B38FBB1F30C67500671771 /* timo.jpg */; };
		18BB399F1F31F6A900A530F0 /* UIImage+Image.m in Sources */ = {isa = PBXBuildFile; fileRef = 18BB399E1F31F6A900A530F0 /* UIImage+Image.m */; };
		18CD52601F2F7625003C3A25 /* main.m in Sources */ = {isa = PBXBuildFile; fileRef = 18CD525F1F2F7625003C3A25 /* main.m */; };
		18CD52631F2F7625003C3A25 /* AppDelegate.m in Sources */ = {isa = PBXBuildFile; fileRef = 18CD52621F2F7625003C3A25 /* AppDelegate.m */; };
		18CD52661F2F7625003C3A25 /* _Vc.m in Sources */ = {isa = PBXBuildFile; fileRef = 18CD52651F2F7625003C3A25 /* _Vc.m */; };
		18CD52691F2F7625003C3A25 /* Main.storyboard in Resources */ = {isa = PBXBuildFile; fileRef = 18CD52671F2F7625003C3A25 /* Main.storyboard */; };
		18CD526C1F2F7625003C3A25 /* ios_06.xcdatamodeld in Sources */ = {isa = PBXBuildFile; fileRef = 18CD526A1F2F7625003C3A25 /* ios_06.xcdatamodeld */; };
		18CD526E1F2F7625003C3A25 /* Assets.xcassets in Resources */ = {isa = PBXBuildFile; fileRef = 18CD526D1F2F7625003C3A25 /* Assets.xcassets */; };
		18CD52711F2F7625003C3A25 /* LaunchScreen.storyboard in Resources */ = {isa = PBXBuildFile; fileRef = 18CD526F1F2F7625003C3A25 /* LaunchScreen.storyboard */; };
		18CD52801F2F78F6003C3A25 /* YVc.m in Sources */ = {isa = PBXBuildFile; fileRef = 18CD527F1F2F78F6003C3A25 /* YVc.m */; };
/* End PBXBuildFile section */

/* Begin PBXFileReference section */
		18B38FB91F30C66B00671771 /* lol.jpg */ = {isa = PBXFileReference; lastKnownFileType = image.jpeg; path = lol.jpg; sourceTree = "<group>"; };
		18B38FBB1F30C67500671771 /* timo.jpg */ = {isa = PBXFileReference; lastKnownFileType = image.jpeg; path = timo.jpg; sourceTree = "<group>"; };
		18BB399D1F31F6A900A530F0 /* UIImage+Image.h */ = {isa = PBXFileReference; fileEncoding = 4; lastKnownFileType = sourcecode.c.h; path = "UIImage+Image.h"; sourceTree = "<group>"; };
		18BB399E1F31F6A900A530F0 /* UIImage+Image.m */ = {isa = PBXFileReference; fileEncoding = 4; lastKnownFileType = sourcecode.c.objc; path = "UIImage+Image.m"; sourceTree = "<group>"; };
		18CD525B1F2F7625003C3A25 /* ios_06.app */ = {isa = PBXFileReference; explicitFileType = wrapper.application; includeInIndex = 0; path = ios_06.app; sourceTree = BUILT_PRODUCTS_DIR; };
		18CD525F1F2F7625003C3A25 /* main.m */ = {isa = PBXFileReference; lastKnownFileType = sourcecode.c.objc; path = main.m; sourceTree = "<group>"; };
		18CD52611F2F7625003C3A25 /* AppDelegate.h */ = {isa = PBXFileReference; lastKnownFileType = sourcecode.c.h; path = AppDelegate.h; sourceTree = "<group>"; };
		18CD52621F2F7625003C3A25 /* AppDelegate.m */ = {isa = PBXFileReference; lastKnownFileType = sourcecode.c.objc; path = AppDelegate.m; sourceTree = "<group>"; };
		18CD52641F2F7625003C3A25 /* _Vc.h */ = {isa = PBXFileReference; lastKnownFileType = sourcecode.c.h; path = _Vc.h; sourceTree = "<group>"; };
		18CD52651F2F7625003C3A25 /* _Vc.m */ = {isa = PBXFileReference; lastKnownFileType = sourcecode.c.objc; path = _Vc.m; sourceTree = "<group>"; };
		18CD52681F2F7625003C3A25 /* Base */ = {isa = PBXFileReference; lastKnownFileType = file.storyboard; name = Base; path = Base.lproj/Main.storyboard; sourceTree = "<group>"; };
		18CD526B1F2F7625003C3A25 /* ios_06.xcdatamodel */ = {isa = PBXFileReference; lastKnownFileType = wrapper.xcdatamodel; path = ios_06.xcdatamodel; sourceTree = "<group>"; };
		18CD526D1F2F7625003C3A25 /* Assets.xcassets */ = {isa = PBXFileReference; lastKnownFileType = folder.assetcatalog; path = Assets.xcassets; sourceTree = "<group>"; };
		18CD52701F2F7625003C3A25 /* Base */ = {isa = PBXFileReference; lastKnownFileType = file.storyboard; name = Base; path = Base.lproj/LaunchScreen.storyboard; sourceTree = "<group>"; };
		18CD52721F2F7625003C3A25 /* Info.plist */ = {isa = PBXFileReference; lastKnownFileType = text.plist.xml; path = Info.plist; sourceTree = "<group>"; };
		18CD527E1F2F78F6003C3A25 /* YVc.h */ = {isa = PBXFileReference; fileEncoding = 4; lastKnownFileType = sourcecode.c.h; path = YVc.h; sourceTree = "<group>"; };
		18CD527F1F2F78F6003C3A25 /* YVc.m */ = {isa = PBXFileReference; fileEncoding = 4; lastKnownFileType = sourcecode.c.objc; path = YVc.m; sourceTree = "<group>"; };
/* End PBXFileReference section */

/* Begin PBXFrameworksBuildPhase section */
		18CD52581F2F7625003C3A25 /* Frameworks */ = {
			isa = PBXFrameworksBuildPhase;
			buildActionMask = 2147483647;
			files = (
			);
			runOnlyForDeploymentPostprocessing = 0;
		};
/* End PBXFrameworksBuildPhase section */

/* Begin PBXGroup section */
		18BB399C1F31F6A900A530F0 /* Category */ = {
			isa = PBXGroup;
			children = (
				18BB399D1F31F6A900A530F0 /* UIImage+Image.h */,
				18BB399E1F31F6A900A530F0 /* UIImage+Image.m */,
			);
			path = Category;
			sourceTree = "<group>";
		};
		18CD52521F2F7625003C3A25 = {
			isa = PBXGroup;
			children = (
				18CD525D1F2F7625003C3A25 /* ios_06 */,
				18CD525C1F2F7625003C3A25 /* Products */,
			);
			sourceTree = "<group>";
		};
		18CD525C1F2F7625003C3A25 /* Products */ = {
			isa = PBXGroup;
			children = (
				18CD525B1F2F7625003C3A25 /* ios_06.app */,
			);
			name = Products;
			sourceTree = "<group>";
		};
		18CD525D1F2F7625003C3A25 /* ios_06 */ = {
			isa = PBXGroup;
			children = (
				18CD52611F2F7625003C3A25 /* AppDelegate.h */,
				18CD52621F2F7625003C3A25 /* AppDelegate.m */,
				18CD52641F2F7625003C3A25 /* _Vc.h */,
				18CD52651F2F7625003C3A25 /* _Vc.m */,
				18CD52671F2F7625003C3A25 /* Main.storyboard */,
				18CD526D1F2F7625003C3A25 /* Assets.xcassets */,
				18CD526F1F2F7625003C3A25 /* LaunchScreen.storyboard */,
				18CD52721F2F7625003C3A25 /* Info.plist */,
				18CD526A1F2F7625003C3A25 /* ios_06.xcdatamodeld */,
				18BB399C1F31F6A900A530F0 /* Category */,
				18CD525E1F2F7625003C3A25 /* Supporting Files */,
				18CD527E1F2F78F6003C3A25 /* YVc.h */,
				18CD527F1F2F78F6003C3A25 /* YVc.m */,
			);
			path = ios_06;
			sourceTree = "<group>";
		};
		18CD525E1F2F7625003C3A25 /* Supporting Files */ = {
			isa = PBXGroup;
			children = (
				18B38FBB1F30C67500671771 /* timo.jpg */,
				18B38FB91F30C66B00671771 /* lol.jpg */,
				18CD525F1F2F7625003C3A25 /* main.m */,
			);
			name = "Supporting Files";
			sourceTree = "<group>";
		};
/* End PBXGroup section */

/* Begin PBXNativeTarget section */
		18CD525A1F2F7625003C3A25 /* ios_06 */ = {
			isa = PBXNativeTarget;
			buildConfigurationList = 18CD52751F2F7625003C3A25 /* Build configuration list for PBXNativeTarget "ios_06" */;
			buildPhases = (
				18CD52571F2F7625003C3A25 /* Sources */,
				18CD52581F2F7625003C3A25 /* Frameworks */,
				18CD52591F2F7625003C3A25 /* Resources */,
			);
			buildRules = (
			);
			dependencies = (
			);
			name = ios_06;
			productName = ios_06;
			productReference = 18CD525B1F2F7625003C3A25 /* ios_06.app */;
			productType = "com.apple.product-type.application";
		};
/* End PBXNativeTarget section */

/* Begin PBXProject section */
		18CD52531F2F7625003C3A25 /* Project object */ = {
			isa = PBXProject;
			attributes = {
				LastUpgradeCheck = 0830;
				ORGANIZATIONNAME = Apple;
				TargetAttributes = {
					18CD525A1F2F7625003C3A25 = {
						CreatedOnToolsVersion = 8.3.3;
						ProvisioningStyle = Automatic;
					};
				};
			};
			buildConfigurationList = 18CD52561F2F7625003C3A25 /* Build configuration list for PBXProject "ios_06" */;
			compatibilityVersion = "Xcode 3.2";
			developmentRegion = English;
			hasScannedForEncodings = 0;
			knownRegions = (
				English,
				en,
				Base,
			);
			mainGroup = 18CD52521F2F7625003C3A25;
			productRefGroup = 18CD525C1F2F7625003C3A25 /* Products */;
			projectDirPath = "";
			projectRoot = "";
			targets = (
				18CD525A1F2F7625003C3A25 /* ios_06 */,
			);
		};
/* End PBXProject section */

/* Begin PBXResourcesBuildPhase section */
		18CD52591F2F7625003C3A25 /* Resources */ = {
			isa = PBXResourcesBuildPhase;
			buildActionMask = 2147483647;
			files = (
				18CD52711F2F7625003C3A25 /* LaunchScreen.storyboard in Resources */,
				18B38FBC1F30C67500671771 /* timo.jpg in Resources */,
				18B38FBA1F30C66B00671771 /* lol.jpg in Resources */,
				18CD526E1F2F7625003C3A25 /* Assets.xcassets in Resources */,
				18CD52691F2F7625003C3A25 /* Main.storyboard in Resources */,
			);
			runOnlyForDeploymentPostprocessing = 0;
		};
/* End PBXResourcesBuildPhase section */

/* Begin PBXSourcesBuildPhase section */
		18CD52571F2F7625003C3A25 /* Sources */ = {
			isa = PBXSourcesBuildPhase;
			buildActionMask = 2147483647;
			files = (
				18CD52801F2F78F6003C3A25 /* YVc.m in Sources */,
				18CD52661F2F7625003C3A25 /* _Vc.m in Sources */,
				18CD52631F2F7625003C3A25 /* AppDelegate.m in Sources */,
				18BB399F1F31F6A900A530F0 /* UIImage+Image.m in Sources */,
				18CD52601F2F7625003C3A25 /* main.m in Sources */,
				18CD526C1F2F7625003C3A25 /* ios_06.xcdatamodeld in Sources */,
			);
			runOnlyForDeploymentPostprocessing = 0;
		};
/* End PBXSourcesBuildPhase section */

/* Begin PBXVariantGroup section */
		18CD52671F2F7625003C3A25 /* Main.storyboard */ = {
			isa = PBXVariantGroup;
			children = (
				18CD52681F2F7625003C3A25 /* Base */,
			);
			name = Main.storyboard;
			sourceTree = "<group>";
		};
		18CD526F1F2F7625003C3A25 /* LaunchScreen.storyboard */ = {
			isa = PBXVariantGroup;
			children = (
				18CD52701F2F7625003C3A25 /* Base */,
			);
			name = LaunchScreen.storyboard;
			sourceTree = "<group>";
		};
/* End PBXVariantGroup section */

/* Begin XCBuildConfiguration section */
		18CD52731F2F7625003C3A25 /* Debug */ = {
			isa = XCBuildConfiguration;
			buildSettings = {
				ALWAYS_SEARCH_USER_PATHS = NO;
				CLANG_ANALYZER_NONNULL = YES;
				CLANG_ANALYZER_NUMBER_OBJECT_CONVERSION = YES_AGGRESSIVE;
				CLANG_CXX_LANGUAGE_STANDARD = "gnu++0x";
				CLANG_CXX_LIBRARY = "libc++";
				CLANG_ENABLE_MODULES = YES;
				CLANG_ENABLE_OBJC_ARC = YES;
				CLANG_WARN_BOOL_CONVERSION = YES;
				CLANG_WARN_CONSTANT_CONVERSION = YES;
				CLANG_WARN_DIRECT_OBJC_ISA_USAGE = YES_ERROR;
				CLANG_WARN_DOCUMENTATION_COMMENTS = YES;
				CLANG_WARN_EMPTY_BODY = YES;
				CLANG_WARN_ENUM_CONVERSION = YES;
				CLANG_WARN_INFINITE_RECURSION = YES;
				CLANG_WARN_INT_CONVERSION = YES;
				CLANG_WARN_OBJC_ROOT_CLASS = YES_ERROR;
				CLANG_WARN_SUSPICIOUS_MOVE = YES;
				CLANG_WARN_UNREACHABLE_CODE = YES;
				CLANG_WARN__DUPLICATE_METHOD_MATCH = YES;
				"CODE_SIGN_IDENTITY[sdk=iphoneos*]" = "iPhone Developer";
				COPY_PHASE_STRIP = NO;
				DEBUG_INFORMATION_FORMAT = dwarf;
				ENABLE_STRICT_OBJC_MSGSEND = YES;
				ENABLE_TESTABILITY = YES;
				GCC_C_LANGUAGE_STANDARD = gnu99;
				GCC_DYNAMIC_NO_PIC = NO;
				GCC_NO_COMMON_BLOCKS = YES;
				GCC_OPTIMIZATION_LEVEL = 0;
				GCC_PREPROCESSOR_DEFINITIONS = (
					"DEBUG=1",
					"$(inherited)",
				);
				GCC_WARN_64_TO_32_BIT_CONVERSION = YES;
				GCC_WARN_ABOUT_RETURN_TYPE = YES_ERROR;
				GCC_WARN_UNDECLARED_SELECTOR = YES;
				GCC_WARN_UNINITIALIZED_AUTOS = YES_AGGRESSIVE;
				GCC_WARN_UNUSED_FUNCTION = YES;
				GCC_WARN_UNUSED_VARIABLE = YES;
				IPHONEOS_DEPLOYMENT_TARGET = 10.3;
				MTL_ENABLE_DEBUG_INFO = YES;
				ONLY_ACTIVE_ARCH = YES;
				SDKROOT = iphoneos;
			};
			name = Debug;
		};
		18CD52741F2F7625003C3A25 /* Release */ = {
			isa = XCBuildConfiguration;
			buildSettings = {
				ALWAYS_SEARCH_USER_PATHS = NO;
				CLANG_ANALYZER_NONNULL = YES;
				CLANG_ANALYZER_NUMBER_OBJECT_CONVERSION = YES_AGGRESSIVE;
				CLANG_CXX_LANGUAGE_STANDARD = "gnu++0x";
				CLANG_CXX_LIBRARY = "libc++";
				CLANG_ENABLE_MODULES = YES;
				CLANG_ENABLE_OBJC_ARC = YES;
				CLANG_WARN_BOOL_CONVERSION = YES;
				CLANG_WARN_CONSTANT_CONVERSION = YES;
				CLANG_WARN_DIRECT_OBJC_ISA_USAGE = YES_ERROR;
				CLANG_WARN_DOCUMENTATION_COMMENTS = YES;
				CLANG_WARN_EMPTY_BODY = YES;
				CLANG_WARN_ENUM_CONVERSION = YES;
				CLANG_WARN_INFINITE_RECURSION = YES;
				CLANG_WARN_INT_CONVERSION = YES;
				CLANG_WARN_OBJC_ROOT_CLASS = YES_ERROR;
				CLANG_WARN_SUSPICIOUS_MOVE = YES;
				CLANG_WARN_UNREACHABLE_CODE = YES;
				CLANG_WARN__DUPLICATE_METHOD_MATCH = YES;
				"CODE_SIGN_IDENTITY[sdk=iphoneos*]" = "iPhone Developer";
				COPY_PHASE_STRIP = NO;
				DEBUG_INFORMATION_FORMAT = "dwarf-with-dsym";
				ENABLE_NS_ASSERTIONS = NO;
				ENABLE_STRICT_OBJC_MSGSEND = YES;
				GCC_C_LANGUAGE_STANDARD = gnu99;
				GCC_NO_COMMON_BLOCKS = YES;
				GCC_WARN_64_TO_32_BIT_CONVERSION = YES;
				GCC_WARN_ABOUT_RETURN_TYPE = YES_ERROR;
				GCC_WARN_UNDECLARED_SELECTOR = YES;
				GCC_WARN_UNINITIALIZED_AUTOS = YES_AGGRESSIVE;
				GCC_WARN_UNUSED_FUNCTION = YES;
				GCC_WARN_UNUSED_VARIABLE = YES;
				IPHONEOS_DEPLOYMENT_TARGET = 10.3;
				MTL_ENABLE_DEBUG_INFO = NO;
				SDKROOT = iphoneos;
				VALIDATE_PRODUCT = YES;
			};
			name = Release;
		};
		18CD52761F2F7625003C3A25 /* Debug */ = {
			isa = XCBuildConfiguration;
			buildSettings = {
				ASSETCATALOG_COMPILER_APPICON_NAME = AppIcon;
				GCC_PREFIX_HEADER = ../../../../PrefixHeader.pch;
				INFOPLIST_FILE = ios_06/Info.plist;
				LD_RUNPATH_SEARCH_PATHS = "$(inherited) @executable_path/Frameworks";
				PRODUCT_BUNDLE_IDENTIFIER = "mac.ios-06";
				PRODUCT_NAME = "$(TARGET_NAME)";
			};
			name = Debug;
		};
		18CD52771F2F7625003C3A25 /* Release */ = {
			isa = XCBuildConfiguration;
			buildSettings = {
				ASSETCATALOG_COMPILER_APPICON_NAME = AppIcon;
				GCC_PREFIX_HEADER = ../../../../PrefixHeader.pch;
				INFOPLIST_FILE = ios_06/Info.plist;
				LD_RUNPATH_SEARCH_PATHS = "$(inherited) @executable_path/Frameworks";
				PRODUCT_BUNDLE_IDENTIFIER = "mac.ios-06";
				PRODUCT_NAME = "$(TARGET_NAME)";
			};
			name = Release;
		};
/* End XCBuildConfiguration section */

/* Begin XCConfigurationList section */
		18CD52561F2F7625003C3A25 /* Build configuration list for PBXProject "ios_06" */ = {
			isa = XCConfigurationList;
			buildConfigurations = (
				18CD52731F2F7625003C3A25 /* Debug */,
				18CD52741F2F7625003C3A25 /* Release */,
			);
			defaultConfigurationIsVisible = 0;
			defaultConfigurationName = Release;
		};
		18CD52751F2F7625003C3A25 /* Build configuration list for PBXNativeTarget "ios_06" */ = {
			isa = XCConfigurationList;
			buildConfigurations = (
				18CD52761F2F7625003C3A25 /* Debug */,
				18CD52771F2F7625003C3A25 /* Release */,
			);
			defaultConfigurationIsVisible = 0;
			defaultConfigurationName = Release;
		};
/* End XCConfigurationList section */

/* Begin XCVersionGroup section */
		18CD526A1F2F7625003C3A25 /* ios_06.xcdatamodeld */ = {
			isa = XCVersionGroup;
			children = (
				18CD526B1F2F7625003C3A25 /* ios_06.xcdatamodel */,
			);
			currentVersion = 18CD526B1F2F7625003C3A25 /* ios_06.xcdatamodel */;
			path = ios_06.xcdatamodeld;
			sourceTree = "<group>";
			versionGroupType = wrapper.xcdatamodel;
		};
/* End XCVersionGroup section */
	};
	rootObject = 18CD52531F2F7625003C3A25 /* Project object */;
}
