// !$*UTF8*$!
{
	archiveVersion = 1;
	classes = {
	};
	objectVersion = 46;
	objects = {

/* Begin PBXBuildFile section */
		18ADE9091F6526A600F74CD8 /* main.m in Sources */ = {isa = PBXBuildFile; fileRef = 18ADE9081F6526A600F74CD8 /* main.m */; };
		18ADE90C1F6526A600F74CD8 /* AppDelegate.m in Sources */ = {isa = PBXBuildFile; fileRef = 18ADE90B1F6526A600F74CD8 /* AppDelegate.m */; };
		18ADE90F1F6526A600F74CD8 /* ViewController.m in Sources */ = {isa = PBXBuildFile; fileRef = 18ADE90E1F6526A600F74CD8 /* ViewController.m */; };
		18ADE9121F6526A600F74CD8 /* Main.storyboard in Resources */ = {isa = PBXBuildFile; fileRef = 18ADE9101F6526A600F74CD8 /* Main.storyboard */; };
		18ADE9151F6526A600F74CD8 /* ios_101603.xcdatamodeld in Sources */ = {isa = PBXBuildFile; fileRef = 18ADE9131F6526A600F74CD8 /* ios_101603.xcdatamodeld */; };
		18ADE9171F6526A600F74CD8 /* Assets.xcassets in Resources */ = {isa = PBXBuildFile; fileRef = 18ADE9161F6526A600F74CD8 /* Assets.xcassets */; };
		18ADE91A1F6526A600F74CD8 /* LaunchScreen.storyboard in Resources */ = {isa = PBXBuildFile; fileRef = 18ADE9181F6526A600F74CD8 /* LaunchScreen.storyboard */; };
/* End PBXBuildFile section */

/* Begin PBXFileReference section */
		18ADE9041F6526A600F74CD8 /* ios_101603.app */ = {isa = PBXFileReference; explicitFileType = wrapper.application; includeInIndex = 0; path = ios_101603.app; sourceTree = BUILT_PRODUCTS_DIR; };
		18ADE9081F6526A600F74CD8 /* main.m */ = {isa = PBXFileReference; lastKnownFileType = sourcecode.c.objc; path = main.m; sourceTree = "<group>"; };
		18ADE90A1F6526A600F74CD8 /* AppDelegate.h */ = {isa = PBXFileReference; lastKnownFileType = sourcecode.c.h; path = AppDelegate.h; sourceTree = "<group>"; };
		18ADE90B1F6526A600F74CD8 /* AppDelegate.m */ = {isa = PBXFileReference; lastKnownFileType = sourcecode.c.objc; path = AppDelegate.m; sourceTree = "<group>"; };
		18ADE90D1F6526A600F74CD8 /* ViewController.h */ = {isa = PBXFileReference; lastKnownFileType = sourcecode.c.h; path = ViewController.h; sourceTree = "<group>"; };
		18ADE90E1F6526A600F74CD8 /* ViewController.m */ = {isa = PBXFileReference; lastKnownFileType = sourcecode.c.objc; path = ViewController.m; sourceTree = "<group>"; };
		18ADE9111F6526A600F74CD8 /* Base */ = {isa = PBXFileReference; lastKnownFileType = file.storyboard; name = Base; path = Base.lproj/Main.storyboard; sourceTree = "<group>"; };
		18ADE9141F6526A600F74CD8 /* ios_101603.xcdatamodel */ = {isa = PBXFileReference; lastKnownFileType = wrapper.xcdatamodel; path = ios_101603.xcdatamodel; sourceTree = "<group>"; };
		18ADE9161F6526A600F74CD8 /* Assets.xcassets */ = {isa = PBXFileReference; lastKnownFileType = folder.assetcatalog; path = Assets.xcassets; sourceTree = "<group>"; };
		18ADE9191F6526A600F74CD8 /* Base */ = {isa = PBXFileReference; lastKnownFileType = file.storyboard; name = Base; path = Base.lproj/LaunchScreen.storyboard; sourceTree = "<group>"; };
		18ADE91B1F6526A600F74CD8 /* Info.plist */ = {isa = PBXFileReference; lastKnownFileType = text.plist.xml; path = Info.plist; sourceTree = "<group>"; };
/* End PBXFileReference section */

/* Begin PBXFrameworksBuildPhase section */
		18ADE9011F6526A600F74CD8 /* Frameworks */ = {
			isa = PBXFrameworksBuildPhase;
			buildActionMask = 2147483647;
			files = (
			);
			runOnlyForDeploymentPostprocessing = 0;
		};
/* End PBXFrameworksBuildPhase section */

/* Begin PBXGroup section */
		18ADE8FB1F6526A600F74CD8 = {
			isa = PBXGroup;
			children = (
				18ADE9061F6526A600F74CD8 /* ios_101603 */,
				18ADE9051F6526A600F74CD8 /* Products */,
			);
			sourceTree = "<group>";
		};
		18ADE9051F6526A600F74CD8 /* Products */ = {
			isa = PBXGroup;
			children = (
				18ADE9041F6526A600F74CD8 /* ios_101603.app */,
			);
			name = Products;
			sourceTree = "<group>";
		};
		18ADE9061F6526A600F74CD8 /* ios_101603 */ = {
			isa = PBXGroup;
			children = (
				18ADE90A1F6526A600F74CD8 /* AppDelegate.h */,
				18ADE90B1F6526A600F74CD8 /* AppDelegate.m */,
				18ADE90D1F6526A600F74CD8 /* ViewController.h */,
				18ADE90E1F6526A600F74CD8 /* ViewController.m */,
				18ADE9101F6526A600F74CD8 /* Main.storyboard */,
				18ADE9161F6526A600F74CD8 /* Assets.xcassets */,
				18ADE9181F6526A600F74CD8 /* LaunchScreen.storyboard */,
				18ADE91B1F6526A600F74CD8 /* Info.plist */,
				18ADE9131F6526A600F74CD8 /* ios_101603.xcdatamodeld */,
				18ADE9071F6526A600F74CD8 /* Supporting Files */,
			);
			path = ios_101603;
			sourceTree = "<group>";
		};
		18ADE9071F6526A600F74CD8 /* Supporting Files */ = {
			isa = PBXGroup;
			children = (
				18ADE9081F6526A600F74CD8 /* main.m */,
			);
			name = "Supporting Files";
			sourceTree = "<group>";
		};
/* End PBXGroup section */

/* Begin PBXNativeTarget section */
		18ADE9031F6526A600F74CD8 /* ios_101603 */ = {
			isa = PBXNativeTarget;
			buildConfigurationList = 18ADE91E1F6526A600F74CD8 /* Build configuration list for PBXNativeTarget "ios_101603" */;
			buildPhases = (
				18ADE9001F6526A600F74CD8 /* Sources */,
				18ADE9011F6526A600F74CD8 /* Frameworks */,
				18ADE9021F6526A600F74CD8 /* Resources */,
			);
			buildRules = (
			);
			dependencies = (
			);
			name = ios_101603;
			productName = ios_101603;
			productReference = 18ADE9041F6526A600F74CD8 /* ios_101603.app */;
			productType = "com.apple.product-type.application";
		};
/* End PBXNativeTarget section */

/* Begin PBXProject section */
		18ADE8FC1F6526A600F74CD8 /* Project object */ = {
			isa = PBXProject;
			attributes = {
				LastUpgradeCheck = 0830;
				ORGANIZATIONNAME = Apple;
				TargetAttributes = {
					18ADE9031F6526A600F74CD8 = {
						CreatedOnToolsVersion = 8.3.3;
						ProvisioningStyle = Automatic;
					};
				};
			};
			buildConfigurationList = 18ADE8FF1F6526A600F74CD8 /* Build configuration list for PBXProject "ios_101603" */;
			compatibilityVersion = "Xcode 3.2";
			developmentRegion = English;
			hasScannedForEncodings = 0;
			knownRegions = (
				English,
				en,
				Base,
			);
			mainGroup = 18ADE8FB1F6526A600F74CD8;
			productRefGroup = 18ADE9051F6526A600F74CD8 /* Products */;
			projectDirPath = "";
			projectRoot = "";
			targets = (
				18ADE9031F6526A600F74CD8 /* ios_101603 */,
			);
		};
/* End PBXProject section */

/* Begin PBXResourcesBuildPhase section */
		18ADE9021F6526A600F74CD8 /* Resources */ = {
			isa = PBXResourcesBuildPhase;
			buildActionMask = 2147483647;
			files = (
				18ADE91A1F6526A600F74CD8 /* LaunchScreen.storyboard in Resources */,
				18ADE9171F6526A600F74CD8 /* Assets.xcassets in Resources */,
				18ADE9121F6526A600F74CD8 /* Main.storyboard in Resources */,
			);
			runOnlyForDeploymentPostprocessing = 0;
		};
/* End PBXResourcesBuildPhase section */

/* Begin PBXSourcesBuildPhase section */
		18ADE9001F6526A600F74CD8 /* Sources */ = {
			isa = PBXSourcesBuildPhase;
			buildActionMask = 2147483647;
			files = (
				18ADE9151F6526A600F74CD8 /* ios_101603.xcdatamodeld in Sources */,
				18ADE90F1F6526A600F74CD8 /* ViewController.m in Sources */,
				18ADE90C1F6526A600F74CD8 /* AppDelegate.m in Sources */,
				18ADE9091F6526A600F74CD8 /* main.m in Sources */,
			);
			runOnlyForDeploymentPostprocessing = 0;
		};
/* End PBXSourcesBuildPhase section */

/* Begin PBXVariantGroup section */
		18ADE9101F6526A600F74CD8 /* Main.storyboard */ = {
			isa = PBXVariantGroup;
			children = (
				18ADE9111F6526A600F74CD8 /* Base */,
			);
			name = Main.storyboard;
			sourceTree = "<group>";
		};
		18ADE9181F6526A600F74CD8 /* LaunchScreen.storyboard */ = {
			isa = PBXVariantGroup;
			children = (
				18ADE9191F6526A600F74CD8 /* Base */,
			);
			name = LaunchScreen.storyboard;
			sourceTree = "<group>";
		};
/* End PBXVariantGroup section */

/* Begin XCBuildConfiguration section */
		18ADE91C1F6526A600F74CD8 /* Debug */ = {
			isa = XCBuildConfiguration;
			buildSettings = {
				ALWAYS_SEARCH_USER_PATHS = NO;
				CLANG_ANALYZER_NONNULL = YES;
				CLANG_ANALYZER_NUMBER_OBJECT_CONVERSION = YES_AGGRESSIVE;
				CLANG_CXX_LANGUAGE_STANDARD = "gnu++0x";
				CLANG_CXX_LIBRARY = "libc++";
				CLANG_ENABLE_MODULES = YES;
				CLANG_ENABLE_OBJC_ARC = YES;
				CLANG_WARN_BOOL_CONVERSION = YES;
				CLANG_WARN_CONSTANT_CONVERSION = YES;
				CLANG_WARN_DIRECT_OBJC_ISA_USAGE = YES_ERROR;
				CLANG_WARN_DOCUMENTATION_COMMENTS = YES;
				CLANG_WARN_EMPTY_BODY = YES;
				CLANG_WARN_ENUM_CONVERSION = YES;
				CLANG_WARN_INFINITE_RECURSION = YES;
				CLANG_WARN_INT_CONVERSION = YES;
				CLANG_WARN_OBJC_ROOT_CLASS = YES_ERROR;
				CLANG_WARN_SUSPICIOUS_MOVE = YES;
				CLANG_WARN_UNREACHABLE_CODE = YES;
				CLANG_WARN__DUPLICATE_METHOD_MATCH = YES;
				"CODE_SIGN_IDENTITY[sdk=iphoneos*]" = "iPhone Developer";
				COPY_PHASE_STRIP = NO;
				DEBUG_INFORMATION_FORMAT = dwarf;
				ENABLE_STRICT_OBJC_MSGSEND = YES;
				ENABLE_TESTABILITY = YES;
				GCC_C_LANGUAGE_STANDARD = gnu99;
				GCC_DYNAMIC_NO_PIC = NO;
				GCC_NO_COMMON_BLOCKS = YES;
				GCC_OPTIMIZATION_LEVEL = 0;
				GCC_PREPROCESSOR_DEFINITIONS = (
					"DEBUG=1",
					"$(inherited)",
				);
				GCC_WARN_64_TO_32_BIT_CONVERSION = YES;
				GCC_WARN_ABOUT_RETURN_TYPE = YES_ERROR;
				GCC_WARN_UNDECLARED_SELECTOR = YES;
				GCC_WARN_UNINITIALIZED_AUTOS = YES_AGGRESSIVE;
				GCC_WARN_UNUSED_FUNCTION = YES;
				GCC_WARN_UNUSED_VARIABLE = YES;
				IPHONEOS_DEPLOYMENT_TARGET = 10.3;
				MTL_ENABLE_DEBUG_INFO = YES;
				ONLY_ACTIVE_ARCH = YES;
				SDKROOT = iphoneos;
			};
			name = Debug;
		};
		18ADE91D1F6526A600F74CD8 /* Release */ = {
			isa = XCBuildConfiguration;
			buildSettings = {
				ALWAYS_SEARCH_USER_PATHS = NO;
				CLANG_ANALYZER_NONNULL = YES;
				CLANG_ANALYZER_NUMBER_OBJECT_CONVERSION = YES_AGGRESSIVE;
				CLANG_CXX_LANGUAGE_STANDARD = "gnu++0x";
				CLANG_CXX_LIBRARY = "libc++";
				CLANG_ENABLE_MODULES = YES;
				CLANG_ENABLE_OBJC_ARC = YES;
				CLANG_WARN_BOOL_CONVERSION = YES;
				CLANG_WARN_CONSTANT_CONVERSION = YES;
				CLANG_WARN_DIRECT_OBJC_ISA_USAGE = YES_ERROR;
				CLANG_WARN_DOCUMENTATION_COMMENTS = YES;
				CLANG_WARN_EMPTY_BODY = YES;
				CLANG_WARN_ENUM_CONVERSION = YES;
				CLANG_WARN_INFINITE_RECURSION = YES;
				CLANG_WARN_INT_CONVERSION = YES;
				CLANG_WARN_OBJC_ROOT_CLASS = YES_ERROR;
				CLANG_WARN_SUSPICIOUS_MOVE = YES;
				CLANG_WARN_UNREACHABLE_CODE = YES;
				CLANG_WARN__DUPLICATE_METHOD_MATCH = YES;
				"CODE_SIGN_IDENTITY[sdk=iphoneos*]" = "iPhone Developer";
				COPY_PHASE_STRIP = NO;
				DEBUG_INFORMATION_FORMAT = "dwarf-with-dsym";
				ENABLE_NS_ASSERTIONS = NO;
				ENABLE_STRICT_OBJC_MSGSEND = YES;
				GCC_C_LANGUAGE_STANDARD = gnu99;
				GCC_NO_COMMON_BLOCKS = YES;
				GCC_WARN_64_TO_32_BIT_CONVERSION = YES;
				GCC_WARN_ABOUT_RETURN_TYPE = YES_ERROR;
				GCC_WARN_UNDECLARED_SELECTOR = YES;
				GCC_WARN_UNINITIALIZED_AUTOS = YES_AGGRESSIVE;
				GCC_WARN_UNUSED_FUNCTION = YES;
				GCC_WARN_UNUSED_VARIABLE = YES;
				IPHONEOS_DEPLOYMENT_TARGET = 10.3;
				MTL_ENABLE_DEBUG_INFO = NO;
				SDKROOT = iphoneos;
				VALIDATE_PRODUCT = YES;
			};
			name = Release;
		};
		18ADE91F1F6526A600F74CD8 /* Debug */ = {
			isa = XCBuildConfiguration;
			buildSettings = {
				ASSETCATALOG_COMPILER_APPICON_NAME = AppIcon;
				GCC_PREFIX_HEADER = ../../../../PrefixHeader.pch;
				INFOPLIST_FILE = ios_101603/Info.plist;
				LD_RUNPATH_SEARCH_PATHS = "$(inherited) @executable_path/Frameworks";
				PRODUCT_BUNDLE_IDENTIFIER = "mac.ios-101603";
				PRODUCT_NAME = "$(TARGET_NAME)";
			};
			name = Debug;
		};
		18ADE9201F6526A600F74CD8 /* Release */ = {
			isa = XCBuildConfiguration;
			buildSettings = {
				ASSETCATALOG_COMPILER_APPICON_NAME = AppIcon;
				GCC_PREFIX_HEADER = ../../../../PrefixHeader.pch;
				INFOPLIST_FILE = ios_101603/Info.plist;
				LD_RUNPATH_SEARCH_PATHS = "$(inherited) @executable_path/Frameworks";
				PRODUCT_BUNDLE_IDENTIFIER = "mac.ios-101603";
				PRODUCT_NAME = "$(TARGET_NAME)";
			};
			name = Release;
		};
/* End XCBuildConfiguration section */

/* Begin XCConfigurationList section */
		18ADE8FF1F6526A600F74CD8 /* Build configuration list for PBXProject "ios_101603" */ = {
			isa = XCConfigurationList;
			buildConfigurations = (
				18ADE91C1F6526A600F74CD8 /* Debug */,
				18ADE91D1F6526A600F74CD8 /* Release */,
			);
			defaultConfigurationIsVisible = 0;
			defaultConfigurationName = Release;
		};
		18ADE91E1F6526A600F74CD8 /* Build configuration list for PBXNativeTarget "ios_101603" */ = {
			isa = XCConfigurationList;
			buildConfigurations = (
				18ADE91F1F6526A600F74CD8 /* Debug */,
				18ADE9201F6526A600F74CD8 /* Release */,
			);
			defaultConfigurationIsVisible = 0;
			defaultConfigurationName = Release;
		};
/* End XCConfigurationList section */

/* Begin XCVersionGroup section */
		18ADE9131F6526A600F74CD8 /* ios_101603.xcdatamodeld */ = {
			isa = XCVersionGroup;
			children = (
				18ADE9141F6526A600F74CD8 /* ios_101603.xcdatamodel */,
			);
			currentVersion = 18ADE9141F6526A600F74CD8 /* ios_101603.xcdatamodel */;
			path = ios_101603.xcdatamodeld;
			sourceTree = "<group>";
			versionGroupType = wrapper.xcdatamodel;
		};
/* End XCVersionGroup section */
	};
	rootObject = 18ADE8FC1F6526A600F74CD8 /* Project object */;
}
